{
  "name": "creately-embed-api",
  "version": "1.0.0",
  "lockfileVersion": 1,
  "requires": true,
  "dependencies": {
    "@creately/mungo": {
      "version": "1.3.0",
      "resolved": "https://registry.npmjs.org/@creately/mungo/-/mungo-1.3.0.tgz",
      "integrity": "sha512-yOT18+brHW9UXv58w87YWUOqhs/3+MOHJjE46PGQ5CkuuFOxdzFGm6WdfF0WaykLFWYNMOnfifpntJda0NTTvw==",
      "requires": {
        "mingo": "^2.3.5"
      }
    },
    "@types/lodash": {
      "version": "4.14.149",
      "resolved": "https://registry.npmjs.org/@types/lodash/-/lodash-4.14.149.tgz",
      "integrity": "sha512-ijGqzZt/b7BfzcK9vTrS6MFljQRPn5BFWOx8oE0GYxribu6uV+aA9zZuXI1zc/etK9E8nrgdoF2+LgUw7+9tJQ==",
      "dev": true
    },
    "lodash": {
      "version": "4.17.15",
      "resolved": "https://registry.npmjs.org/lodash/-/lodash-4.17.15.tgz",
      "integrity": "sha512-8xOcRHvCjnocdS5cpwXQXVzmmh5e5+saE2QGoeQmbKmRS6J3VQppPOIt0MnmE+4xlZoumy0GPG0D0MVIQbNA1A==",
      "dev": true
    },
    "mingo": {
      "version": "2.5.0",
      "resolved": "https://registry.npmjs.org/mingo/-/mingo-2.5.0.tgz",
      "integrity": "sha512-3zwOAx38aAyJy22XJz8pvDPfrJzaob3LiqCeGYAbFZcD6lPJ85ItIaxtvXBJhEtp2R1C9JaQuJzY1K1vl0g80w=="
    },
    "rxjs": {
      "version": "6.5.4",
      "resolved": "https://registry.npmjs.org/rxjs/-/rxjs-6.5.4.tgz",
      "integrity": "sha512-naMQXcgEo3csAEGvw/NydRA0fuS2nDZJiw1YUWFKU7aPPAPGZEsD4Iimit96qwCieH6y614MCLYwdkrWx7z/7Q==",
      "requires": {
        "tslib": "^1.9.0"
      }
    },
    "tslib": {
      "version": "1.11.1",
      "resolved": "https://registry.npmjs.org/tslib/-/tslib-1.11.1.tgz",
      "integrity": "sha512-aZW88SY8kQbU7gpV19lN24LtXh/yD4ZZg6qieAJDDg+YBsJcSmLGK9QpnUjAKVG/xefmvJGd1WUmfpT/g6AJGA=="
    }
  }
}
